
Microsoft Visual Studio Solution File, Format Version 12.00
# Visual Studio 15
VisualStudioVersion = 15.0.27428.2015
MinimumVisualStudioVersion = 10.0.40219.1
Project("{FAE04EC0-301F-11D3-BF4B-00C04F79EFBC}") = "LIS", "LIS\LIS.csproj", "{90D6FEF8-ED74-4B6C-BECE-640AE0AD756E}"
EndProject
Global
	GlobalSection(SolutionConfigurationPlatforms) = preSolution
		Debug|Any CPU = Debug|Any CPU
		Release|Any CPU = Release|Any CPU
	EndGlobalSection
	GlobalSection(ProjectConfigurationPlatforms) = postSolution
		{90D6FEF8-ED74-4B6C-BECE-640AE0AD756E}.Debug|Any CPU.ActiveCfg = Debug|Any CPU
		{90D6FEF8-ED74-4B6C-BECE-640AE0AD756E}.Debug|Any CPU.Build.0 = Debug|Any CPU
		{90D6FEF8-ED74-4B6C-BECE-640AE0AD756E}.Release|Any CPU.ActiveCfg = Release|Any CPU
		{90D6FEF8-ED74-4B6C-BECE-640AE0AD756E}.Release|Any CPU.Build.0 = Release|Any CPU
	EndGlobalSection
	GlobalSection(SolutionProperties) = preSolution
		HideSolutionNode = FALSE
	EndGlobalSection
	GlobalSection(ExtensibilityGlobals) = postSolution
		SolutionGuid = {24F05F7E-7CA9-4406-9435-F9E6E5B4E6D4}
	EndGlobalSection
EndGlobal
